version = 1
revision = 3
requires-python = ">=3.11"

[[package]]
name = "ai-systems-atlas"
version = "0.1.0"
source = { virtual = "." }

[package.dev-dependencies]
dev = [
    { name = "coverage" },
    { name = "ruff" },
]

[package.metadata]

[package.metadata.requires-dev]
dev = [
    { name = "coverage", specifier = "==7.10.1" },
    { name = "ruff", specifier = "==0.16.6" },
]

[[package]]
name = "coverage"
version = "7.10.1"
source = { registry = "https://pypi.org/simple" }
sdist = { url = "https://files.pythonhosted.org/packages/87/0e/66dbd4c6a7f0758a8d18044c048779ba21fb94856e1edcf764bd5403e710/coverage-7.10.1.tar.gz", hash = "sha256:ae2b4856f29ddfe827106794f3589949a57da6f0d38ab01e24ec35107979ba57", size = 819938, upload-time = "2025-07-27T14:13:39.045Z" }
wheels = [
    { url = "https://files.pythonhosted.org/packages/20/8e/ef088112bd1b26e2aa931ee186992b3e42c222c64f33e381432c8ee52aae/coverage-7.10.1-cp311-cp311-macosx_10_9_x86_64.whl", hash = "sha256:b45e2f9d5b0b5c1977cb4feb5f594be60eb121106f8900348e29331f553a726f", size = 214747, upload-time = "2025-07-27T14:11:18.217Z" },
    { url = "https://files.pythonhosted.org/packages/2d/76/a1e46f3c6e0897758eb43af88bb3c763cb005f4950769f7b553e22aa5f89/coverage-7.10.1-cp311-cp311-macosx_11_0_arm64.whl", hash = "sha256:3a7a4d74cb0f5e3334f9aa26af7016ddb94fb4bfa11b4a573d8e98ecba8c34f1", size = 215128, upload-time = "2025-07-27T14:11:19.706Z" },
    { url = "https://files.pythonhosted.org/packages/78/4d/903bafb371a8c887826ecc30d3977b65dfad0e1e66aa61b7e173de0828b0/coverage-7.10.1-cp311-cp311-manylinux1_i686.manylinux_2_28_i686.manylinux_2_5_i686.whl", hash = "sha256:d4b0aab55ad60ead26159ff12b538c85fbab731a5e3411c642b46c3525863437", size = 245140, upload-time = "2025-07-27T14:11:21.261Z" },
    { url = "https://files.pythonhosted.org/packages/55/f1/1f8f09536f38394a8698dd08a0e9608a512eacee1d3b771e2d06397f77bf/coverage-7.10.1-cp311-cp311-manylinux1_x86_64.manylinux_2_28_x86_64.manylinux_2_5_x86_64.whl", hash = "sha256:dcc93488c9ebd229be6ee1f0d9aad90da97b33ad7e2912f5495804d78a3cd6b7", size = 246977, upload-time = "2025-07-27T14:11:23.15Z" },
    { url = "https://files.pythonhosted.org/packages/57/cc/ed6bbc5a3bdb36ae1bca900bbbfdcb23b260ef2767a7b2dab38b92f61adf/coverage-7.10.1-cp311-cp311-manylinux2014_aarch64.manylinux_2_17_aarch64.manylinux_2_28_aarch64.whl", hash = "sha256:aa309df995d020f3438407081b51ff527171cca6772b33cf8f85344b8b4b8770", size = 249140, upload-time = "2025-07-27T14:11:24.743Z" },
    { url = "https://files.pythonhosted.org/packages/10/f5/e881ade2d8e291b60fa1d93d6d736107e940144d80d21a0d4999cff3642f/coverage-7.10.1-cp311-cp311-musllinux_1_2_aarch64.whl", hash = "sha256:cfb8b9d8855c8608f9747602a48ab525b1d320ecf0113994f6df23160af68262", size = 246869, upload-time = "2025-07-27T14:11:26.156Z" },
    { url = "https://files.pythonhosted.org/packages/53/b9/6a5665cb8996e3cd341d184bb11e2a8edf01d8dadcf44eb1e742186cf243/coverage-7.10.1-cp311-cp311-musllinux_1_2_i686.whl", hash = "sha256:320d86da829b012982b414c7cdda65f5d358d63f764e0e4e54b33097646f39a3", size = 244899, upload-time = "2025-07-27T14:11:27.622Z" },
    { url = "https://files.pythonhosted.org/packages/27/11/24156776709c4e25bf8a33d6bb2ece9a9067186ddac19990f6560a7f8130/coverage-7.10.1-cp311-cp311-musllinux_1_2_x86_64.whl", hash = "sha256:dc60ddd483c556590da1d9482a4518292eec36dd0e1e8496966759a1f282bcd0", size = 245507, upload-time = "2025-07-27T14:11:29.544Z" },
    { url = "https://files.pythonhosted.org/packages/43/db/a6f0340b7d6802a79928659c9a32bc778ea420e87a61b568d68ac36d45a8/coverage-7.10.1-cp311-cp311-win32.whl", hash = "sha256:4fcfe294f95b44e4754da5b58be750396f2b1caca8f9a0e78588e3ef85f8b8be", size = 217167, upload-time = "2025-07-27T14:11:31.349Z" },
    { url = "https://files.pythonhosted.org/packages/f5/6f/1990eb4fd05cea4cfabdf1d587a997ac5f9a8bee883443a1d519a2a848c9/coverage-7.10.1-cp311-cp311-win_amd64.whl", hash = "sha256:efa23166da3fe2915f8ab452dde40319ac84dc357f635737174a08dbd912980c", size = 218054, upload-time = "2025-07-27T14:11:33.202Z" },
    { url = "https://files.pythonhosted.org/packages/b4/4d/5e061d6020251b20e9b4303bb0b7900083a1a384ec4e5db326336c1c4abd/coverage-7.10.1-cp311-cp311-win_arm64.whl", hash = "sha256:d12b15a8c3759e2bb580ffa423ae54be4f184cf23beffcbd641f4fe6e1584293", size = 216483, upload-time = "2025-07-27T14:11:34.663Z" },
    { url = "https://files.pythonhosted.org/packages/a5/3f/b051feeb292400bd22d071fdf933b3ad389a8cef5c80c7866ed0c7414b9e/coverage-7.10.1-cp312-cp312-macosx_10_13_x86_64.whl", hash = "sha256:6b7dc7f0a75a7eaa4584e5843c873c561b12602439d2351ee28c7478186c4da4", size = 214934, upload-time = "2025-07-27T14:11:36.096Z" },
    { url = "https://files.pythonhosted.org/packages/f8/e4/a61b27d5c4c2d185bdfb0bfe9d15ab4ac4f0073032665544507429ae60eb/coverage-7.10.1-cp312-cp312-macosx_11_0_arm64.whl", hash = "sha256:607f82389f0ecafc565813aa201a5cade04f897603750028dd660fb01797265e", size = 215173, upload-time = "2025-07-27T14:11:38.005Z" },
    { url = "https://files.pythonhosted.org/packages/8a/01/40a6ee05b60d02d0bc53742ad4966e39dccd450aafb48c535a64390a3552/coverage-7.10.1-cp312-cp312-manylinux1_i686.manylinux_2_28_i686.manylinux_2_5_i686.whl", hash = "sha256:f7da31a1ba31f1c1d4d5044b7c5813878adae1f3af8f4052d679cc493c7328f4", size = 246190, upload-time = "2025-07-27T14:11:39.887Z" },
    { url = "https://files.pythonhosted.org/packages/11/ef/a28d64d702eb583c377255047281305dc5a5cfbfb0ee36e721f78255adb6/coverage-7.10.1-cp312-cp312-manylinux1_x86_64.manylinux_2_28_x86_64.manylinux_2_5_x86_64.whl", hash = "sha256:51fe93f3fe4f5d8483d51072fddc65e717a175490804e1942c975a68e04bf97a", size = 248618, upload-time = "2025-07-27T14:11:41.841Z" },
    { url = "https://files.pythonhosted.org/packages/6a/ad/73d018bb0c8317725370c79d69b5c6e0257df84a3b9b781bda27a438a3be/coverage-7.10.1-cp312-cp312-manylinux2014_aarch64.manylinux_2_17_aarch64.manylinux_2_28_aarch64.whl", hash = "sha256:3e59d00830da411a1feef6ac828b90bbf74c9b6a8e87b8ca37964925bba76dbe", size = 250081, upload-time = "2025-07-27T14:11:43.705Z" },
    { url = "https://files.pythonhosted.org/packages/2d/dd/496adfbbb4503ebca5d5b2de8bed5ec00c0a76558ffc5b834fd404166bc9/coverage-7.10.1-cp312-cp312-musllinux_1_2_aarch64.whl", hash = "sha256:924563481c27941229cb4e16eefacc35da28563e80791b3ddc5597b062a5c386", size = 247990, upload-time = "2025-07-27T14:11:45.244Z" },
    { url = "https://files.pythonhosted.org/packages/18/3c/a9331a7982facfac0d98a4a87b36ae666fe4257d0f00961a3a9ef73e015d/coverage-7.10.1-cp312-cp312-musllinux_1_2_i686.whl", hash = "sha256:ca79146ee421b259f8131f153102220b84d1a5e6fb9c8aed13b3badfd1796de6", size = 246191, upload-time = "2025-07-27T14:11:47.093Z" },
    { url = "https://files.pythonhosted.org/packages/62/0c/75345895013b83f7afe92ec595e15a9a525ede17491677ceebb2ba5c3d85/coverage-7.10.1-cp312-cp312-musllinux_1_2_x86_64.whl", hash = "sha256:2b225a06d227f23f386fdc0eab471506d9e644be699424814acc7d114595495f", size = 247400, upload-time = "2025-07-27T14:11:48.643Z" },
    { url = "https://files.pythonhosted.org/packages/e2/a9/98b268cfc5619ef9df1d5d34fee408ecb1542d9fd43d467e5c2f28668cd4/coverage-7.10.1-cp312-cp312-win32.whl", hash = "sha256:5ba9a8770effec5baaaab1567be916c87d8eea0c9ad11253722d86874d885eca", size = 217338, upload-time = "2025-07-27T14:11:50.258Z" },
    { url = "https://files.pythonhosted.org/packages/fe/31/22a5440e4d1451f253c5cd69fdcead65e92ef08cd4ec237b8756dc0b20a7/coverage-7.10.1-cp312-cp312-win_amd64.whl", hash = "sha256:9eb245a8d8dd0ad73b4062135a251ec55086fbc2c42e0eb9725a9b553fba18a3", size = 218125, upload-time = "2025-07-27T14:11:52.034Z" },
    { url = "https://files.pythonhosted.org/packages/d6/2b/40d9f0ce7ee839f08a43c5bfc9d05cec28aaa7c9785837247f96cbe490b9/coverage-7.10.1-cp312-cp312-win_arm64.whl", hash = "sha256:7718060dd4434cc719803a5e526838a5d66e4efa5dc46d2b25c21965a9c6fcc4", size = 216523, upload-time = "2025-07-27T14:11:53.965Z" },
    { url = "https://files.pythonhosted.org/packages/ef/72/135ff5fef09b1ffe78dbe6fcf1e16b2e564cd35faeacf3d63d60d887f12d/coverage-7.10.1-cp313-cp313-macosx_10_13_x86_64.whl", hash = "sha256:ebb08d0867c5a25dffa4823377292a0ffd7aaafb218b5d4e2e106378b1061e39", size = 214960, upload-time = "2025-07-27T14:11:55.959Z" },
    { url = "https://files.pythonhosted.org/packages/b1/aa/73a5d1a6fc08ca709a8177825616aa95ee6bf34d522517c2595484a3e6c9/coverage-7.10.1-cp313-cp313-macosx_11_0_arm64.whl", hash = "sha256:f32a95a83c2e17422f67af922a89422cd24c6fa94041f083dd0bb4f6057d0bc7", size = 215220, upload-time = "2025-07-27T14:11:57.899Z" },
    { url = "https://files.pythonhosted.org/packages/8d/40/3124fdd45ed3772a42fc73ca41c091699b38a2c3bd4f9cb564162378e8b6/coverage-7.10.1-cp313-cp313-manylinux1_i686.manylinux_2_28_i686.manylinux_2_5_i686.whl", hash = "sha256:c4c746d11c8aba4b9f58ca8bfc6fbfd0da4efe7960ae5540d1a1b13655ee8892", size = 245772, upload-time = "2025-07-27T14:12:00.422Z" },
    { url = "https://files.pythonhosted.org/packages/42/62/a77b254822efa8c12ad59e8039f2bc3df56dc162ebda55e1943e35ba31a5/coverage-7.10.1-cp313-cp313-manylinux1_x86_64.manylinux_2_28_x86_64.manylinux_2_5_x86_64.whl", hash = "sha256:7f39edd52c23e5c7ed94e0e4bf088928029edf86ef10b95413e5ea670c5e92d7", size = 248116, upload-time = "2025-07-27T14:12:03.099Z" },
    { url = "https://files.pythonhosted.org/packages/1d/01/8101f062f472a3a6205b458d18ef0444a63ae5d36a8a5ed5dd0f6167f4db/coverage-7.10.1-cp313-cp313-manylinux2014_aarch64.manylinux_2_17_aarch64.manylinux_2_28_aarch64.whl", hash = "sha256:ab6e19b684981d0cd968906e293d5628e89faacb27977c92f3600b201926b994", size = 249554, upload-time = "2025-07-27T14:12:04.668Z" },
    { url = "https://files.pythonhosted.org/packages/8f/7b/e51bc61573e71ff7275a4f167aecbd16cb010aefdf54bcd8b0a133391263/coverage-7.10.1-cp313-cp313-musllinux_1_2_aarch64.whl", hash = "sha256:5121d8cf0eacb16133501455d216bb5f99899ae2f52d394fe45d59229e6611d0", size = 247766, upload-time = "2025-07-27T14:12:06.234Z" },
    { url = "https://files.pythonhosted.org/packages/4b/71/1c96d66a51d4204a9d6d12df53c4071d87e110941a2a1fe94693192262f5/coverage-7.10.1-cp313-cp313-musllinux_1_2_i686.whl", hash = "sha256:df1c742ca6f46a6f6cbcaef9ac694dc2cb1260d30a6a2f5c68c5f5bcfee1cfd7", size = 245735, upload-time = "2025-07-27T14:12:08.305Z" },
    { url = "https://files.pythonhosted.org/packages/13/d5/efbc2ac4d35ae2f22ef6df2ca084c60e13bd9378be68655e3268c80349ab/coverage-7.10.1-cp313-cp313-musllinux_1_2_x86_64.whl", hash = "sha256:40f9a38676f9c073bf4b9194707aa1eb97dca0e22cc3766d83879d72500132c7", size = 247118, upload-time = "2025-07-27T14:12:09.903Z" },
    { url = "https://files.pythonhosted.org/packages/d1/22/073848352bec28ca65f2b6816b892fcf9a31abbef07b868487ad15dd55f1/coverage-7.10.1-cp313-cp313-win32.whl", hash = "sha256:2348631f049e884839553b9974f0821d39241c6ffb01a418efce434f7eba0fe7", size = 217381, upload-time = "2025-07-27T14:12:11.535Z" },
    { url = "https://files.pythonhosted.org/packages/b7/df/df6a0ff33b042f000089bd11b6bb034bab073e2ab64a56e78ed882cba55d/coverage-7.10.1-cp313-cp313-win_amd64.whl", hash = "sha256:4072b31361b0d6d23f750c524f694e1a417c1220a30d3ef02741eed28520c48e", size = 218152, upload-time = "2025-07-27T14:12:13.182Z" },
    { url = "https://files.pythonhosted.org/packages/30/e3/5085ca849a40ed6b47cdb8f65471c2f754e19390b5a12fa8abd25cbfaa8f/coverage-7.10.1-cp313-cp313-win_arm64.whl", hash = "sha256:3e31dfb8271937cab9425f19259b1b1d1f556790e98eb266009e7a61d337b6d4", size = 216559, upload-time = "2025-07-27T14:12:14.807Z" },
    { url = "https://files.pythonhosted.org/packages/cc/93/58714efbfdeb547909feaabe1d67b2bdd59f0597060271b9c548d5efb529/coverage-7.10.1-cp313-cp313t-macosx_10_13_x86_64.whl", hash = "sha256:1c4f679c6b573a5257af6012f167a45be4c749c9925fd44d5178fd641ad8bf72", size = 215677, upload-time = "2025-07-27T14:12:16.68Z" },
    { url = "https://files.pythonhosted.org/packages/c0/0c/18eaa5897e7e8cb3f8c45e563e23e8a85686b4585e29d53cacb6bc9cb340/coverage-7.10.1-cp313-cp313t-macosx_11_0_arm64.whl", hash = "sha256:871ebe8143da284bd77b84a9136200bd638be253618765d21a1fce71006d94af", size = 215899, upload-time = "2025-07-27T14:12:18.758Z" },
    { url = "https://files.pythonhosted.org/packages/84/c1/9d1affacc3c75b5a184c140377701bbf14fc94619367f07a269cd9e4fed6/coverage-7.10.1-cp313-cp313t-manylinux1_i686.manylinux_2_28_i686.manylinux_2_5_i686.whl", hash = "sha256:998c4751dabf7d29b30594af416e4bf5091f11f92a8d88eb1512c7ba136d1ed7", size = 257140, upload-time = "2025-07-27T14:12:20.357Z" },
    { url = "https://files.pythonhosted.org/packages/3d/0f/339bc6b8fa968c346df346068cca1f24bdea2ddfa93bb3dc2e7749730962/coverage-7.10.1-cp313-cp313t-manylinux1_x86_64.manylinux_2_28_x86_64.manylinux_2_5_x86_64.whl", hash = "sha256:780f750a25e7749d0af6b3631759c2c14f45de209f3faaa2398312d1c7a22759", size = 259005, upload-time = "2025-07-27T14:12:22.007Z" },
    { url = "https://files.pythonhosted.org/packages/c8/22/89390864b92ea7c909079939b71baba7e5b42a76bf327c1d615bd829ba57/coverage-7.10.1-cp313-cp313t-manylinux2014_aarch64.manylinux_2_17_aarch64.manylinux_2_28_aarch64.whl", hash = "sha256:590bdba9445df4763bdbebc928d8182f094c1f3947a8dc0fc82ef014dbdd8324", size = 261143, upload-time = "2025-07-27T14:12:23.746Z" },
    { url = "https://files.pythonhosted.org/packages/2c/56/3d04d89017c0c41c7a71bd69b29699d919b6bbf2649b8b2091240b97dd6a/coverage-7.10.1-cp313-cp313t-musllinux_1_2_aarch64.whl", hash = "sha256:9b2df80cb6a2af86d300e70acb82e9b79dab2c1e6971e44b78dbfc1a1e736b53", size = 258735, upload-time = "2025-07-27T14:12:25.73Z" },
    { url = "https://files.pythonhosted.org/packages/cb/40/312252c8afa5ca781063a09d931f4b9409dc91526cd0b5a2b84143ffafa2/coverage-7.10.1-cp313-cp313t-musllinux_1_2_i686.whl", hash = "sha256:d6a558c2725bfb6337bf57c1cd366c13798bfd3bfc9e3dd1f4a6f6fc95a4605f", size = 256871, upload-time = "2025-07-27T14:12:27.767Z" },
    { url = "https://files.pythonhosted.org/packages/1f/2b/564947d5dede068215aaddb9e05638aeac079685101462218229ddea9113/coverage-7.10.1-cp313-cp313t-musllinux_1_2_x86_64.whl", hash = "sha256:e6150d167f32f2a54690e572e0a4c90296fb000a18e9b26ab81a6489e24e78dd", size = 257692, upload-time = "2025-07-27T14:12:29.347Z" },
    { url = "https://files.pythonhosted.org/packages/93/1b/c8a867ade85cb26d802aea2209b9c2c80613b9c122baa8c8ecea6799648f/coverage-7.10.1-cp313-cp313t-win32.whl", hash = "sha256:d946a0c067aa88be4a593aad1236493313bafaa27e2a2080bfe88db827972f3c", size = 218059, upload-time = "2025-07-27T14:12:31.076Z" },
    { url = "https://files.pythonhosted.org/packages/a1/fe/cd4ab40570ae83a516bf5e754ea4388aeedd48e660e40c50b7713ed4f930/coverage-7.10.1-cp313-cp313t-win_amd64.whl", hash = "sha256:e37c72eaccdd5ed1130c67a92ad38f5b2af66eeff7b0abe29534225db2ef7b18", size = 219150, upload-time = "2025-07-27T14:12:32.746Z" },
    { url = "https://files.pythonhosted.org/packages/8d/16/6e5ed5854be6d70d0c39e9cb9dd2449f2c8c34455534c32c1a508c7dbdb5/coverage-7.10.1-cp313-cp313t-win_arm64.whl", hash = "sha256:89ec0ffc215c590c732918c95cd02b55c7d0f569d76b90bb1a5e78aa340618e4", size = 217014, upload-time = "2025-07-27T14:12:34.406Z" },
    { url = "https://files.pythonhosted.org/packages/54/8e/6d0bfe9c3d7121cf936c5f8b03e8c3da1484fb801703127dba20fb8bd3c7/coverage-7.10.1-cp314-cp314-macosx_10_13_x86_64.whl", hash = "sha256:166d89c57e877e93d8827dac32cedae6b0277ca684c6511497311249f35a280c", size = 214951, upload-time = "2025-07-27T14:12:36.069Z" },
    { url = "https://files.pythonhosted.org/packages/f2/29/e3e51a8c653cf2174c60532aafeb5065cea0911403fa144c9abe39790308/coverage-7.10.1-cp314-cp314-macosx_11_0_arm64.whl", hash = "sha256:bed4a2341b33cd1a7d9ffc47df4a78ee61d3416d43b4adc9e18b7d266650b83e", size = 215229, upload-time = "2025-07-27T14:12:37.759Z" },
    { url = "https://files.pythonhosted.org/packages/e0/59/3c972080b2fa18b6c4510201f6d4dc87159d450627d062cd9ad051134062/coverage-7.10.1-cp314-cp314-manylinux1_i686.manylinux_2_28_i686.manylinux_2_5_i686.whl", hash = "sha256:ddca1e4f5f4c67980533df01430184c19b5359900e080248bbf4ed6789584d8b", size = 245738, upload-time = "2025-07-27T14:12:39.453Z" },
    { url = "https://files.pythonhosted.org/packages/2e/04/fc0d99d3f809452654e958e1788454f6e27b34e43f8f8598191c8ad13537/coverage-7.10.1-cp314-cp314-manylinux1_x86_64.manylinux_2_28_x86_64.manylinux_2_5_x86_64.whl", hash = "sha256:37b69226001d8b7de7126cad7366b0778d36777e4d788c66991455ba817c5b41", size = 248045, upload-time = "2025-07-27T14:12:41.387Z" },
    { url = "https://files.pythonhosted.org/packages/5e/2e/afcbf599e77e0dfbf4c97197747250d13d397d27e185b93987d9eaac053d/coverage-7.10.1-cp314-cp314-manylinux2014_aarch64.manylinux_2_17_aarch64.manylinux_2_28_aarch64.whl", hash = "sha256:b2f22102197bcb1722691296f9e589f02b616f874e54a209284dd7b9294b0b7f", size = 249666, upload-time = "2025-07-27T14:12:43.056Z" },
    { url = "https://files.pythonhosted.org/packages/6e/ae/bc47f7f8ecb7a06cbae2bf86a6fa20f479dd902bc80f57cff7730438059d/coverage-7.10.1-cp314-cp314-musllinux_1_2_aarch64.whl", hash = "sha256:1e0c768b0f9ac5839dac5cf88992a4bb459e488ee8a1f8489af4cb33b1af00f1", size = 247692, upload-time = "2025-07-27T14:12:44.83Z" },
    { url = "https://files.pythonhosted.org/packages/b6/26/cbfa3092d31ccba8ba7647e4d25753263e818b4547eba446b113d7d1efdf/coverage-7.10.1-cp314-cp314-musllinux_1_2_i686.whl", hash = "sha256:991196702d5e0b120a8fef2664e1b9c333a81d36d5f6bcf6b225c0cf8b0451a2", size = 245536, upload-time = "2025-07-27T14:12:46.527Z" },
    { url = "https://files.pythonhosted.org/packages/56/77/9c68e92500e6a1c83d024a70eadcc9a173f21aadd73c4675fe64c9c43fdf/coverage-7.10.1-cp314-cp314-musllinux_1_2_x86_64.whl", hash = "sha256:ae8e59e5f4fd85d6ad34c2bb9d74037b5b11be072b8b7e9986beb11f957573d4", size = 246954, upload-time = "2025-07-27T14:12:49.279Z" },
    { url = "https://files.pythonhosted.org/packages/7f/a5/ba96671c5a669672aacd9877a5987c8551501b602827b4e84256da2a30a7/coverage-7.10.1-cp314-cp314-win32.whl", hash = "sha256:042125c89cf74a074984002e165d61fe0e31c7bd40ebb4bbebf07939b5924613", size = 217616, upload-time = "2025-07-27T14:12:51.214Z" },
    { url = "https://files.pythonhosted.org/packages/e7/3c/e1e1eb95fc1585f15a410208c4795db24a948e04d9bde818fe4eb893bc85/coverage-7.10.1-cp314-cp314-win_amd64.whl", hash = "sha256:a22c3bfe09f7a530e2c94c87ff7af867259c91bef87ed2089cd69b783af7b84e", size = 218412, upload-time = "2025-07-27T14:12:53.429Z" },
    { url = "https://files.pythonhosted.org/packages/b0/85/7e1e5be2cb966cba95566ba702b13a572ca744fbb3779df9888213762d67/coverage-7.10.1-cp314-cp314-win_arm64.whl", hash = "sha256:ee6be07af68d9c4fca4027c70cea0c31a0f1bc9cb464ff3c84a1f916bf82e652", size = 216776, upload-time = "2025-07-27T14:12:55.482Z" },
    { url = "https://files.pythonhosted.org/packages/62/0f/5bb8f29923141cca8560fe2217679caf4e0db643872c1945ac7d8748c2a7/coverage-7.10.1-cp314-cp314t-macosx_10_13_x86_64.whl", hash = "sha256:d24fb3c0c8ff0d517c5ca5de7cf3994a4cd559cde0315201511dbfa7ab528894", size = 215698, upload-time = "2025-07-27T14:12:57.225Z" },
    { url = "https://files.pythonhosted.org/packages/80/29/547038ffa4e8e4d9e82f7dfc6d152f75fcdc0af146913f0ba03875211f03/coverage-7.10.1-cp314-cp314t-macosx_11_0_arm64.whl", hash = "sha256:1217a54cfd79be20512a67ca81c7da3f2163f51bbfd188aab91054df012154f5", size = 215902, upload-time = "2025-07-27T14:12:59.071Z" },
    { url = "https://files.pythonhosted.org/packages/e1/8a/7aaa8fbfaed900147987a424e112af2e7790e1ac9cd92601e5bd4e1ba60a/coverage-7.10.1-cp314-cp314t-manylinux1_i686.manylinux_2_28_i686.manylinux_2_5_i686.whl", hash = "sha256:51f30da7a52c009667e02f125737229d7d8044ad84b79db454308033a7808ab2", size = 257230, upload-time = "2025-07-27T14:13:01.248Z" },
    { url = "https://files.pythonhosted.org/packages/e5/1d/c252b5ffac44294e23a0d79dd5acf51749b39795ccc898faeabf7bee903f/coverage-7.10.1-cp314-cp314t-manylinux1_x86_64.manylinux_2_28_x86_64.manylinux_2_5_x86_64.whl", hash = "sha256:ed3718c757c82d920f1c94089066225ca2ad7f00bb904cb72b1c39ebdd906ccb", size = 259194, upload-time = "2025-07-27T14:13:03.247Z" },
    { url = "https://files.pythonhosted.org/packages/16/ad/6c8d9f83d08f3bac2e7507534d0c48d1a4f52c18e6f94919d364edbdfa8f/coverage-7.10.1-cp314-cp314t-manylinux2014_aarch64.manylinux_2_17_aarch64.manylinux_2_28_aarch64.whl", hash = "sha256:cc452481e124a819ced0c25412ea2e144269ef2f2534b862d9f6a9dae4bda17b", size = 261316, upload-time = "2025-07-27T14:13:04.957Z" },
    { url = "https://files.pythonhosted.org/packages/d6/4e/f9bbf3a36c061e2e0e0f78369c006d66416561a33d2bee63345aee8ee65e/coverage-7.10.1-cp314-cp314t-musllinux_1_2_aarch64.whl", hash = "sha256:9d6f494c307e5cb9b1e052ec1a471060f1dea092c8116e642e7a23e79d9388ea", size = 258794, upload-time = "2025-07-27T14:13:06.715Z" },
    { url = "https://files.pythonhosted.org/packages/87/82/e600bbe78eb2cb0541751d03cef9314bcd0897e8eea156219c39b685f869/coverage-7.10.1-cp314-cp314t-musllinux_1_2_i686.whl", hash = "sha256:fc0e46d86905ddd16b85991f1f4919028092b4e511689bbdaff0876bd8aab3dd", size = 256869, upload-time = "2025-07-27T14:13:08.933Z" },
    { url = "https://files.pythonhosted.org/packages/ce/5d/2fc9a9236c5268f68ac011d97cd3a5ad16cc420535369bedbda659fdd9b7/coverage-7.10.1-cp314-cp314t-musllinux_1_2_x86_64.whl", hash = "sha256:80b9ccd82e30038b61fc9a692a8dc4801504689651b281ed9109f10cc9fe8b4d", size = 257765, upload-time = "2025-07-27T14:13:10.778Z" },
    { url = "https://files.pythonhosted.org/packages/8a/05/b4e00b2bd48a2dc8e1c7d2aea7455f40af2e36484ab2ef06deb85883e9fe/coverage-7.10.1-cp314-cp314t-win32.whl", hash = "sha256:e58991a2b213417285ec866d3cd32db17a6a88061a985dbb7e8e8f13af429c47", size = 218420, upload-time = "2025-07-27T14:13:12.882Z" },
    { url = "https://files.pythonhosted.org/packages/77/fb/d21d05f33ea27ece327422240e69654b5932b0b29e7fbc40fbab3cf199bf/coverage-7.10.1-cp314-cp314t-win_amd64.whl", hash = "sha256:e88dd71e4ecbc49d9d57d064117462c43f40a21a1383507811cf834a4a620651", size = 219536, upload-time = "2025-07-27T14:13:14.718Z" },
    { url = "https://files.pythonhosted.org/packages/a6/68/7fea94b141281ed8be3d1d5c4319a97f2befc3e487ce33657fc64db2c45e/coverage-7.10.1-cp314-cp314t-win_arm64.whl", hash = "sha256:1aadfb06a30c62c2eb82322171fe1f7c288c80ca4156d46af0ca039052814bab", size = 217190, upload-time = "2025-07-27T14:13:16.85Z" },
    { url = "https://files.pythonhosted.org/packages/0f/64/922899cff2c0fd3496be83fa8b81230f5a8d82a2ad30f98370b133c2c83b/coverage-7.10.1-py3-none-any.whl", hash = "sha256:fa2a258aa6bf188eb9a8948f7102a83da7c430a0dce918dbd8b60ef8fcb772d7", size = 206597, upload-time = "2025-07-27T14:13:37.221Z" },
]

[[package]]
name = "ruff"
version = "0.16.6"
source = { registry = "https://pypi.org/simple" }
sdist = { url = "https://files.pythonhosted.org/packages/a4/7c/6adb35d70e7c027e308274557901c7e00fb3407750faf3620c184ae058cb/ruff-0.16.6.tar.gz", hash = "sha256:dcf8a73d2ff77e99dde91244b4da16feba7f14e6beeb4015dee7c5a909e99050", size = 4921251, upload-time = "2026-09-03T16:57:29.037Z" }
wheels = [
    { url = "https://files.pythonhosted.org/packages/a4/28/9cc1b79639e284ec103f43c88c644db4eb58cbd0ea1ca11f1193435369ac/ruff-0.16.6-py3-none-linux_armv6l.whl", hash = "sha256:61c368c26bf8e973e5ab14a2772de587bc068ea3f9a277f673380749b4898fb8", size = 10015638, upload-time = "2026-09-03T16:56:40.986Z" },
    { url = "https://files.pythonhosted.org/packages/71/11/627d342ef727ea7794edf74fe23d60a074b02c3acc2e9436684e782286ca/ruff-0.16.6-py3-none-macosx_10_12_x86_64.whl", hash = "sha256:ecf4f068e2e123e43a26e9db4e19524cc56563912404e83bbfca375757e45a32", size = 10220762, upload-time = "2026-09-03T16:56:44.681Z" },
    { url = "https://files.pythonhosted.org/packages/43/d9/b75668ce41e4c8d073d18d6d08672ba6906ce45d5c06ea4fdb2e84ce3853/ruff-0.16.6-py3-none-macosx_11_0_arm64.whl", hash = "sha256:99b62ea33baf130f50368798d841f0d95527b6d817bf31817b65dd058f1d314c", size = 9835082, upload-time = "2026-09-03T16:56:47.142Z" },
    { url = "https://files.pythonhosted.org/packages/99/97/123ab10b05cde889c107c20f5a9774955104b5552796a2a8584b089ae8eb/ruff-0.16.6-py3-none-manylinux_2_17_aarch64.manylinux2014_aarch64.whl", hash = "sha256:7fbf89013f2bb3f6835a6038ff658dc8a1b38c98dc8e724b964168ad4e881876", size = 9949304, upload-time = "2026-09-03T16:56:49.813Z" },
    { url = "https://files.pythonhosted.org/packages/3e/58/a4a2c59dd2e5b85929c912d9cac3056eb9ee8c7e75e9b9fe3e109174966b/ruff-0.16.6-py3-none-manylinux_2_17_armv7l.manylinux2014_armv7l.whl", hash = "sha256:56a67065e22efa6bc4d498299d3bb06c0c90aace8fac2068b5a12f9dc4d8d51d", size = 9840612, upload-time = "2026-09-03T16:56:52.368Z" },
    { url = "https://files.pythonhosted.org/packages/61/6a/ff8c8626a786c4f49d48ced4a752dadbca65f5263005f9c2416578194694/ruff-0.16.6-py3-none-manylinux_2_17_i686.manylinux2014_i686.whl", hash = "sha256:e25cc89174874b176a157e4428d66761c2c0c006654419bf384f967f361ff1b1", size = 10543465, upload-time = "2026-09-03T16:56:55.089Z" },
    { url = "https://files.pythonhosted.org/packages/ad/bb/c47535923365f337b82e28192e4e9eef2176511007cfd99a62fc22df5dad/ruff-0.16.6-py3-none-manylinux_2_17_ppc64le.manylinux2014_ppc64le.whl", hash = "sha256:0700580ed5303723cb3c11c2f1d2a8913ce77b7ea86646dddb887f5417a9ba70", size = 11267576, upload-time = "2026-09-03T16:56:57.791Z" },
    { url = "https://files.pythonhosted.org/packages/ba/50/e5119a5212b5cd63b51e1f4b25e7bd636a6668fc069a3160b108ad7e3c16/ruff-0.16.6-py3-none-manylinux_2_17_s390x.manylinux2014_s390x.whl", hash = "sha256:15f1d0b6e165a6e56567befb6629f8209271311d990bae0f37e6d065035ef5f3", size = 10781993, upload-time = "2026-09-03T16:57:00.666Z" },
    { url = "https://files.pythonhosted.org/packages/8b/98/083d8b4ef3c51a0d19db84367791cbe9f44e4b53343d19dfa83556e1cd9a/ruff-0.16.6-py3-none-manylinux_2_17_x86_64.manylinux2014_x86_64.whl", hash = "sha256:d72c591a96986ee4268860e2b7235082129ca5e4cb9cbba653a4b57c11893757", size = 10317748, upload-time = "2026-09-03T16:57:03.428Z" },
    { url = "https://files.pythonhosted.org/packages/9a/29/68f7ff2c5ad95f19f00627ac2de95644e25fe47371ea60b2db1fd952315e/ruff-0.16.6-py3-none-manylinux_2_31_riscv64.whl", hash = "sha256:65a006baa18f33324325814c864daef03541d51564b98c517610ea756ab7003e", size = 10540096, upload-time = "2026-09-03T16:57:06.182Z" },
    { url = "https://files.pythonhosted.org/packages/c4/f9/79a8f6de85968641d68a7863aeec577551924ef066a990a48ff93167beab/ruff-0.16.6-py3-none-musllinux_1_2_aarch64.whl", hash = "sha256:cd02a7bf1a21a8735228a3e8c95a9dc5cf86bd2a52194f4aaae2a5755b4de0f4", size = 10100494, upload-time = "2026-09-03T16:57:09.194Z" },
    { url = "https://files.pythonhosted.org/packages/d9/e8/b81a22d9b90c00b892ccf2fa2ac36fa95de4c13ab85aea3e73795cfe4651/ruff-0.16.6-py3-none-musllinux_1_2_armv7l.whl", hash = "sha256:31b36f1e5ad85e0737f09d2be4e512e2e283583c14015da3b9dc07359ac0fc88", size = 9843663, upload-time = "2026-09-03T16:57:12.168Z" },
    { url = "https://files.pythonhosted.org/packages/39/aa/54f516ec5e5a11c4afdceb1c454ebb054ffb96e4f4a1705580b4346abd35/ruff-0.16.6-py3-none-musllinux_1_2_i686.whl", hash = "sha256:61029b4ab4aa723fd3064fab96b1d814492596bf0c792679fffcbde1e1679953", size = 10282461, upload-time = "2026-09-03T16:57:15.077Z" },
    { url = "https://files.pythonhosted.org/packages/52/0b/38d0aa8aa32372b96dc44f97b22e576c4147808271aab7b2cb1e353d4445/ruff-0.16.6-py3-none-musllinux_1_2_x86_64.whl", hash = "sha256:9ac8998457832c2061709d900856b7ad271dace0cb41f346588d540162bfa718", size = 10728808, upload-time = "2026-09-03T16:57:17.797Z" },
    { url = "https://files.pythonhosted.org/packages/5e/e5/9e274e24eeb027640ffc7442f21239f16d17f47acec15ae34f32e03a5c79/ruff-0.16.6-py3-none-win32.whl", hash = "sha256:0b87d9d16fcb63e8018423ca1d50b7260f15cb2da33e30db4baad4183a948c25", size = 10049212, upload-time = "2026-09-03T16:57:20.55Z" },
    { url = "https://files.pythonhosted.org/packages/22/31/72472449414223ed1a2da236b992adbb1a2ae59e34794574810f60ce068e/ruff-0.16.6-py3-none-win_amd64.whl", hash = "sha256:10d21c51c3495d8eaea7b703a16592117ea6eb1d649e36335aa965ff1173eb39", size = 10556402, upload-time = "2026-09-03T16:57:23.501Z" },
    { url = "https://files.pythonhosted.org/packages/fc/07/d781f8f8e1ac24bef9f3269cf62ffb1407ca24c3a8f12e5e22874f90528c/ruff-0.16.6-py3-none-win_arm64.whl", hash = "sha256:7a976c79b958f94e50a022a19f0f8c87387448020935ec14fc74331bd0a7f2c5", size = 10412850, upload-time = "2026-09-03T16:57:26.416Z" },
]
